<?xml version="1.0" encoding="UTF-8"?>
<Scheme
   LastUpgradeVersion = "1130"
   version = "1.3">
   <BuildAction
      parallelizeBuildables = "YES"
      buildImplicitDependencies = "YES">
      <BuildActionEntries>
         <BuildActionEntry
            buildForTesting = "YES"
            buildForRunning = "YES"
            buildForProfiling = "YES"
            buildForArchiving = "YES"
            buildForAnalyzing = "YES">
            <BuildableReference
               BuildableIdentifier = "primary"
               BlueprintIdentifier = "B95082F823D2BD0D00FE9C2C"
               BuildableName = "llmerge"
               BlueprintName = "llmerge"
               ReferencedContainer = "container:llmerge.xcodeproj">
            </BuildableReference>
         </BuildActionEntry>
      </BuildActionEntries>
   </BuildAction>
   <TestAction
      buildConfiguration = "Debug"
      selectedDebuggerIdentifier = "Xcode.DebuggerFoundation.Debugger.LLDB"
      selectedLauncherIdentifier = "Xcode.DebuggerFoundation.Launcher.LLDB"
      shouldUseLaunchSchemeArgsEnv = "YES">
      <Testables>
      </Testables>
   </TestAction>
   <LaunchAction
      buildConfiguration = "Debug"
      selectedDebuggerIdentifier = "Xcode.DebuggerFoundation.Debugger.LLDB"
      selectedLauncherIdentifier = "Xcode.DebuggerFoundation.Launcher.LLDB"
      launchStyle = "0"
      useCustomWorkingDirectory = "YES"
      customWorkingDirectory = "/Users/ldennis/projects/projects-xcode/llmerge/llmerge"
      ignoresPersistentStateOnLaunch = "NO"
      debugDocumentVersioning = "YES"
      debugServiceExtension = "internal"
      allowLocationSimulation = "YES">
      <BuildableProductRunnable
         runnableDebuggingMode = "0">
         <BuildableReference
            BuildableIdentifier = "primary"
            BlueprintIdentifier = "B95082F823D2BD0D00FE9C2C"
            BuildableName = "llmerge"
            BlueprintName = "llmerge"
            ReferencedContainer = "container:llmerge.xcodeproj">
         </BuildableReference>
      </BuildableProductRunnable>
      <CommandLineArguments>
         <CommandLineArgument
            argument = "-d"
            isEnabled = "NO">
         </CommandLineArgument>
         <CommandLineArgument
            argument = "&quot;-c=.*phenomena=([^ ]+).*"
            isEnabled = "NO">
         </CommandLineArgument>
         <CommandLineArgument
            argument = "&quot;-c=([^,]+).*&quot;"
            isEnabled = "NO">
         </CommandLineArgument>
         <CommandLineArgument
            argument = "&apos;-c=([A-Z]+[0-9]+),.*&apos;"
            isEnabled = "NO">
         </CommandLineArgument>
         <CommandLineArgument
            argument = "-m"
            isEnabled = "NO">
         </CommandLineArgument>
         <CommandLineArgument
            argument = "&apos;-c= *&lt;string name=&quot;(rule_[^&quot;]+)&quot;.*&apos;"
            isEnabled = "NO">
         </CommandLineArgument>
         <CommandLineArgument
            argument = "file1.txt"
            isEnabled = "NO">
         </CommandLineArgument>
         <CommandLineArgument
            argument = "file2.txt"
            isEnabled = "NO">
         </CommandLineArgument>
         <CommandLineArgument
            argument = "../dafta/file1.xml"
            isEnabled = "NO">
         </CommandLineArgument>
         <CommandLineArgument
            argument = "../data/file2.xml"
            isEnabled = "NO">
         </CommandLineArgument>
         <CommandLineArgument
            argument = "../data/missingfile.xml"
            isEnabled = "NO">
         </CommandLineArgument>
         <CommandLineArgument
            argument = "../data/and-keywest.cnt"
            isEnabled = "NO">
         </CommandLineArgument>
         <CommandLineArgument
            argument = "../data/ios-keywest.cnt"
            isEnabled = "NO">
         </CommandLineArgument>
         <CommandLineArgument
            argument = "../data/rules-english.xml"
            isEnabled = "NO">
         </CommandLineArgument>
         <CommandLineArgument
            argument = "../data/rules-spanish.xml"
            isEnabled = "NO">
         </CommandLineArgument>
         <CommandLineArgument
            argument = " &quot;-c=^([^,]+).*&quot;"
            isEnabled = "YES">
         </CommandLineArgument>
         <CommandLineArgument
            argument = "-D="
            isEnabled = "YES">
         </CommandLineArgument>
         <CommandLineArgument
            argument = "~/Downloads/41-apk.txt"
            isEnabled = "YES">
         </CommandLineArgument>
         <CommandLineArgument
            argument = "~/Downloads/50-apk.txt"
            isEnabled = "YES">
         </CommandLineArgument>
      </CommandLineArguments>
      <EnvironmentVariables>
         <EnvironmentVariable
            key = ""
            value = ""
            isEnabled = "YES">
         </EnvironmentVariable>
      </EnvironmentVariables>
   </LaunchAction>
   <ProfileAction
      buildConfiguration = "Release"
      shouldUseLaunchSchemeArgsEnv = "YES"
      savedToolIdentifier = ""
      useCustomWorkingDirectory = "NO"
      debugDocumentVersioning = "YES">
      <BuildableProductRunnable
         runnableDebuggingMode = "0">
         <BuildableReference
            BuildableIdentifier = "primary"
            BlueprintIdentifier = "B95082F823D2BD0D00FE9C2C"
            BuildableName = "llmerge"
            BlueprintName = "llmerge"
            ReferencedContainer = "container:llmerge.xcodeproj">
         </BuildableReference>
      </BuildableProductRunnable>
   </ProfileAction>
   <AnalyzeAction
      buildConfiguration = "Debug">
   </AnalyzeAction>
   <ArchiveAction
      buildConfiguration = "Release"
      revealArchiveInOrganizer = "YES">
   </ArchiveAction>
</Scheme>
